
Microsoft Visual Studio Solution File, Format Version 12.00
# Visual Studio Version 16
VisualStudioVersion = 16.0.31702.278
MinimumVisualStudioVersion = 10.0.40219.1
Project("{9A19103F-16F7-4668-BE54-9A1E7A4F7556}") = "PZ_005", "PZ_005\PZ_005.csproj", "{7801DACE-A0FC-4B77-82EB-38B5EE36F8F1}"
EndProject
Project("{9A19103F-16F7-4668-BE54-9A1E7A4F7556}") = "PZ_008", "PZ_007\PZ_008.csproj", "{C507A258-9A29-4D36-92A4-1FDA0EBD53E3}"
EndProject
Project("{9A19103F-16F7-4668-BE54-9A1E7A4F7556}") = "PZ_009", "PZ_009\PZ_009.csproj", "{D8BB3230-6914-4D3C-A07F-262EB8819170}"
EndProject
Project("{9A19103F-16F7-4668-BE54-9A1E7A4F7556}") = "PZ_010", "PZ_010\PZ_010.csproj", "{B60CD5A3-1D54-4160-830F-5D0C843A5D32}"
EndProject
Project("{9A19103F-16F7-4668-BE54-9A1E7A4F7556}") = "PZ_012", "PZ_012\PZ_012.csproj", "{75C9FD2B-EEFD-496E-89A1-BDE63F6E5618}"
EndProject
Project("{9A19103F-16F7-4668-BE54-9A1E7A4F7556}") = "PZ_014", "PZ_014\PZ_014.csproj", "{4D6BEC3E-1CFD-48A4-844F-068D75A50532}"
EndProject
Project("{9A19103F-16F7-4668-BE54-9A1E7A4F7556}") = "PZ_013", "PZ_013\PZ_013.csproj", "{62163923-660A-4BB1-B6BB-4A21E0ABDE49}"
EndProject
Project("{9A19103F-16F7-4668-BE54-9A1E7A4F7556}") = "PZ_006", "PZ_006\PZ_006.csproj", "{53C7DA21-A830-4E00-92F0-C1A9F24F4507}"
EndProject
Project("{FAE04EC0-301F-11D3-BF4B-00C04F79EFBC}") = "PZ_015", "PZ_015\PZ_015.csproj", "{90CFE4E4-8781-460E-9717-2A9F446F7EFA}"
EndProject
Project("{FAE04EC0-301F-11D3-BF4B-00C04F79EFBC}") = "PZ_016", "PZ_016\PZ_016.csproj", "{94DDA3FB-C0B7-4D04-9506-AA7E7ECE5AD7}"
EndProject
Project("{9A19103F-16F7-4668-BE54-9A1E7A4F7556}") = "PZ_017", "PZ_017\PZ_017.csproj", "{2BAD662C-B683-4BB8-9A97-53918B2F64C2}"
EndProject
Project("{FAE04EC0-301F-11D3-BF4B-00C04F79EFBC}") = "PZ_018", "PZ_018\PZ_018.csproj", "{9956967D-08D5-466E-8748-525886362C9C}"
EndProject
Project("{9A19103F-16F7-4668-BE54-9A1E7A4F7556}") = "PZ_103", "PZ_103\PZ_103.csproj", "{A3830989-2FE1-4342-B0D6-D3590B22067B}"
EndProject
Project("{9A19103F-16F7-4668-BE54-9A1E7A4F7556}") = "Text_redaktor", "..\2pk1_MorozovDanila — копия (2)\Text_redaktor\Text_redaktor\Text_redaktor.csproj", "{CB10FFE9-F842-4E1B-96A1-AD6D32D730DE}"
EndProject
Project("{FAE04EC0-301F-11D3-BF4B-00C04F79EFBC}") = "PZ_106", "..\2pk1_MorozovDanila — копия (2)\PZ_106\PZ_106.csproj", "{BC5AF405-DCC4-45CC-9FE4-F9F44BAF3C55}"
EndProject
Global
	GlobalSection(SolutionConfigurationPlatforms) = preSolution
		Debug|Any CPU = Debug|Any CPU
		Release|Any CPU = Release|Any CPU
	EndGlobalSection
	GlobalSection(ProjectConfigurationPlatforms) = postSolution
		{7801DACE-A0FC-4B77-82EB-38B5EE36F8F1}.Debug|Any CPU.ActiveCfg = Debug|Any CPU
		{7801DACE-A0FC-4B77-82EB-38B5EE36F8F1}.Debug|Any CPU.Build.0 = Debug|Any CPU
		{7801DACE-A0FC-4B77-82EB-38B5EE36F8F1}.Release|Any CPU.ActiveCfg = Release|Any CPU
		{7801DACE-A0FC-4B77-82EB-38B5EE36F8F1}.Release|Any CPU.Build.0 = Release|Any CPU
		{C507A258-9A29-4D36-92A4-1FDA0EBD53E3}.Debug|Any CPU.ActiveCfg = Debug|Any CPU
		{C507A258-9A29-4D36-92A4-1FDA0EBD53E3}.Debug|Any CPU.Build.0 = Debug|Any CPU
		{C507A258-9A29-4D36-92A4-1FDA0EBD53E3}.Release|Any CPU.ActiveCfg = Release|Any CPU
		{C507A258-9A29-4D36-92A4-1FDA0EBD53E3}.Release|Any CPU.Build.0 = Release|Any CPU
		{D8BB3230-6914-4D3C-A07F-262EB8819170}.Debug|Any CPU.ActiveCfg = Debug|Any CPU
		{D8BB3230-6914-4D3C-A07F-262EB8819170}.Debug|Any CPU.Build.0 = Debug|Any CPU
		{D8BB3230-6914-4D3C-A07F-262EB8819170}.Release|Any CPU.ActiveCfg = Release|Any CPU
		{D8BB3230-6914-4D3C-A07F-262EB8819170}.Release|Any CPU.Build.0 = Release|Any CPU
		{B60CD5A3-1D54-4160-830F-5D0C843A5D32}.Debug|Any CPU.ActiveCfg = Debug|Any CPU
		{B60CD5A3-1D54-4160-830F-5D0C843A5D32}.Debug|Any CPU.Build.0 = Debug|Any CPU
		{B60CD5A3-1D54-4160-830F-5D0C843A5D32}.Release|Any CPU.ActiveCfg = Release|Any CPU
		{B60CD5A3-1D54-4160-830F-5D0C843A5D32}.Release|Any CPU.Build.0 = Release|Any CPU
		{75C9FD2B-EEFD-496E-89A1-BDE63F6E5618}.Debug|Any CPU.ActiveCfg = Debug|Any CPU
		{75C9FD2B-EEFD-496E-89A1-BDE63F6E5618}.Debug|Any CPU.Build.0 = Debug|Any CPU
		{75C9FD2B-EEFD-496E-89A1-BDE63F6E5618}.Release|Any CPU.ActiveCfg = Release|Any CPU
		{75C9FD2B-EEFD-496E-89A1-BDE63F6E5618}.Release|Any CPU.Build.0 = Release|Any CPU
		{4D6BEC3E-1CFD-48A4-844F-068D75A50532}.Debug|Any CPU.ActiveCfg = Debug|Any CPU
		{4D6BEC3E-1CFD-48A4-844F-068D75A50532}.Debug|Any CPU.Build.0 = Debug|Any CPU
		{4D6BEC3E-1CFD-48A4-844F-068D75A50532}.Release|Any CPU.ActiveCfg = Release|Any CPU
		{4D6BEC3E-1CFD-48A4-844F-068D75A50532}.Release|Any CPU.Build.0 = Release|Any CPU
		{62163923-660A-4BB1-B6BB-4A21E0ABDE49}.Debug|Any CPU.ActiveCfg = Debug|Any CPU
		{62163923-660A-4BB1-B6BB-4A21E0ABDE49}.Debug|Any CPU.Build.0 = Debug|Any CPU
		{62163923-660A-4BB1-B6BB-4A21E0ABDE49}.Release|Any CPU.ActiveCfg = Release|Any CPU
		{62163923-660A-4BB1-B6BB-4A21E0ABDE49}.Release|Any CPU.Build.0 = Release|Any CPU
		{53C7DA21-A830-4E00-92F0-C1A9F24F4507}.Debug|Any CPU.ActiveCfg = Debug|Any CPU
		{53C7DA21-A830-4E00-92F0-C1A9F24F4507}.Debug|Any CPU.Build.0 = Debug|Any CPU
		{53C7DA21-A830-4E00-92F0-C1A9F24F4507}.Release|Any CPU.ActiveCfg = Release|Any CPU
		{53C7DA21-A830-4E00-92F0-C1A9F24F4507}.Release|Any CPU.Build.0 = Release|Any CPU
		{90CFE4E4-8781-460E-9717-2A9F446F7EFA}.Debug|Any CPU.ActiveCfg = Debug|Any CPU
		{90CFE4E4-8781-460E-9717-2A9F446F7EFA}.Debug|Any CPU.Build.0 = Debug|Any CPU
		{90CFE4E4-8781-460E-9717-2A9F446F7EFA}.Release|Any CPU.ActiveCfg = Release|Any CPU
		{90CFE4E4-8781-460E-9717-2A9F446F7EFA}.Release|Any CPU.Build.0 = Release|Any CPU
		{94DDA3FB-C0B7-4D04-9506-AA7E7ECE5AD7}.Debug|Any CPU.ActiveCfg = Debug|Any CPU
		{94DDA3FB-C0B7-4D04-9506-AA7E7ECE5AD7}.Debug|Any CPU.Build.0 = Debug|Any CPU
		{94DDA3FB-C0B7-4D04-9506-AA7E7ECE5AD7}.Release|Any CPU.ActiveCfg = Release|Any CPU
		{94DDA3FB-C0B7-4D04-9506-AA7E7ECE5AD7}.Release|Any CPU.Build.0 = Release|Any CPU
		{2BAD662C-B683-4BB8-9A97-53918B2F64C2}.Debug|Any CPU.ActiveCfg = Debug|Any CPU
		{2BAD662C-B683-4BB8-9A97-53918B2F64C2}.Debug|Any CPU.Build.0 = Debug|Any CPU
		{2BAD662C-B683-4BB8-9A97-53918B2F64C2}.Release|Any CPU.ActiveCfg = Release|Any CPU
		{2BAD662C-B683-4BB8-9A97-53918B2F64C2}.Release|Any CPU.Build.0 = Release|Any CPU
		{9956967D-08D5-466E-8748-525886362C9C}.Debug|Any CPU.ActiveCfg = Debug|Any CPU
		{9956967D-08D5-466E-8748-525886362C9C}.Debug|Any CPU.Build.0 = Debug|Any CPU
		{9956967D-08D5-466E-8748-525886362C9C}.Release|Any CPU.ActiveCfg = Release|Any CPU
		{9956967D-08D5-466E-8748-525886362C9C}.Release|Any CPU.Build.0 = Release|Any CPU
		{A3830989-2FE1-4342-B0D6-D3590B22067B}.Debug|Any CPU.ActiveCfg = Debug|Any CPU
		{A3830989-2FE1-4342-B0D6-D3590B22067B}.Debug|Any CPU.Build.0 = Debug|Any CPU
		{A3830989-2FE1-4342-B0D6-D3590B22067B}.Release|Any CPU.ActiveCfg = Release|Any CPU
		{A3830989-2FE1-4342-B0D6-D3590B22067B}.Release|Any CPU.Build.0 = Release|Any CPU
		{CB10FFE9-F842-4E1B-96A1-AD6D32D730DE}.Debug|Any CPU.ActiveCfg = Debug|Any CPU
		{CB10FFE9-F842-4E1B-96A1-AD6D32D730DE}.Debug|Any CPU.Build.0 = Debug|Any CPU
		{CB10FFE9-F842-4E1B-96A1-AD6D32D730DE}.Release|Any CPU.ActiveCfg = Release|Any CPU
		{CB10FFE9-F842-4E1B-96A1-AD6D32D730DE}.Release|Any CPU.Build.0 = Release|Any CPU
		{BC5AF405-DCC4-45CC-9FE4-F9F44BAF3C55}.Debug|Any CPU.ActiveCfg = Debug|Any CPU
		{BC5AF405-DCC4-45CC-9FE4-F9F44BAF3C55}.Debug|Any CPU.Build.0 = Debug|Any CPU
		{BC5AF405-DCC4-45CC-9FE4-F9F44BAF3C55}.Release|Any CPU.ActiveCfg = Release|Any CPU
		{BC5AF405-DCC4-45CC-9FE4-F9F44BAF3C55}.Release|Any CPU.Build.0 = Release|Any CPU
	EndGlobalSection
	GlobalSection(SolutionProperties) = preSolution
		HideSolutionNode = FALSE
	EndGlobalSection
	GlobalSection(ExtensibilityGlobals) = postSolution
		SolutionGuid = {101ADDEC-F0CD-4C6D-B7C9-97BE83D2D305}
	EndGlobalSection
EndGlobal
